
Microsoft Visual Studio Solution File, Format Version 12.00
# Visual Studio 15
Project("{FAE04EC0-301F-11D3-BF4B-00C04F79EFBC}") = "Assembly-CSharp", "Assembly-CSharp.csproj", "{81C03305-8A7B-BDA7-8631-78929B1A2CCC}"
EndProject
Project("{FAE04EC0-301F-11D3-BF4B-00C04F79EFBC}") = "Assembly-CSharp-Editor", "Assembly-CSharp-Editor.csproj", "{7C8D7E9C-4CA4-C238-6839-1C6A1FF29ADD}"
EndProject
Global
	GlobalSection(SolutionConfigurationPlatforms) = preSolution
		Debug|Any CPU = Debug|Any CPU
		Release|Any CPU = Release|Any CPU
	EndGlobalSection
	GlobalSection(ProjectConfigurationPlatforms) = postSolution
		{81C03305-8A7B-BDA7-8631-78929B1A2CCC}.Debug|Any CPU.ActiveCfg = Debug|Any CPU
		{81C03305-8A7B-BDA7-8631-78929B1A2CCC}.Debug|Any CPU.Build.0 = Debug|Any CPU
		{81C03305-8A7B-BDA7-8631-78929B1A2CCC}.Release|Any CPU.ActiveCfg = Release|Any CPU
		{81C03305-8A7B-BDA7-8631-78929B1A2CCC}.Release|Any CPU.Build.0 = Release|Any CPU
		{7C8D7E9C-4CA4-C238-6839-1C6A1FF29ADD}.Debug|Any CPU.ActiveCfg = Debug|Any CPU
		{7C8D7E9C-4CA4-C238-6839-1C6A1FF29ADD}.Debug|Any CPU.Build.0 = Debug|Any CPU
		{7C8D7E9C-4CA4-C238-6839-1C6A1FF29ADD}.Release|Any CPU.ActiveCfg = Release|Any CPU
		{7C8D7E9C-4CA4-C238-6839-1C6A1FF29ADD}.Release|Any CPU.Build.0 = Release|Any CPU
	EndGlobalSection
	GlobalSection(SolutionProperties) = preSolution
		HideSolutionNode = FALSE
	EndGlobalSection
EndGlobal
